
Microsoft Visual Studio Solution File, Format Version 12.00
# Visual Studio Version 17
VisualStudioVersion = 17.4.33213.308
MinimumVisualStudioVersion = 10.0.40219.1
Project("{FAE04EC0-301F-11D3-BF4B-00C04F79EFBC}") = "AsbExample", "AsbExample\AsbExample.csproj", "{B43A0FF5-24E1-4AD1-A553-F7D1B436043F}"
EndProject
Global
	GlobalSection(SolutionConfigurationPlatforms) = preSolution
		Debug|Any CPU = Debug|Any CPU
		Release|Any CPU = Release|Any CPU
	EndGlobalSection
	GlobalSection(ProjectConfigurationPlatforms) = postSolution
		{B43A0FF5-24E1-4AD1-A553-F7D1B436043F}.Debug|Any CPU.ActiveCfg = Debug|Any CPU
		{B43A0FF5-24E1-4AD1-A553-F7D1B436043F}.Debug|Any CPU.Build.0 = Debug|Any CPU
		{B43A0FF5-24E1-4AD1-A553-F7D1B436043F}.Release|Any CPU.ActiveCfg = Release|Any CPU
		{B43A0FF5-24E1-4AD1-A553-F7D1B436043F}.Release|Any CPU.Build.0 = Release|Any CPU
	EndGlobalSection
	GlobalSection(SolutionProperties) = preSolution
		HideSolutionNode = FALSE
	EndGlobalSection
	GlobalSection(ExtensibilityGlobals) = postSolution
		SolutionGuid = {A299DD40-02C6-446B-9806-E2137F085966}
	EndGlobalSection
EndGlobal
