
Microsoft Visual Studio Solution File, Format Version 12.00
# Visual Studio Version 17
VisualStudioVersion = 17.4.33213.308
MinimumVisualStudioVersion = 10.0.40219.1
Project("{9A19103F-16F7-4668-BE54-9A1E7A4F7556}") = "MassTransitExample", "MassTransitExample\MassTransitExample.csproj", "{63CBEC71-CCAC-4E4B-905A-4A8A1C0552C6}"
EndProject
Project("{9A19103F-16F7-4668-BE54-9A1E7A4F7556}") = "MassTransitExample.RabbitMQ", "MassTransitExample.RabbitMQ\MassTransitExample.RabbitMQ.csproj", "{A3C0FD6E-9B1C-4213-BF09-65E657EF76A4}"
EndProject
Project("{9A19103F-16F7-4668-BE54-9A1E7A4F7556}") = "MassTransitExample.ASB", "MassTransitExample.ASB\MassTransitExample.ASB.csproj", "{EE235BA5-C840-44F4-BEC6-32F4562854BF}"
EndProject
Project("{FAE04EC0-301F-11D3-BF4B-00C04F79EFBC}") = "MassTransit.Abstractions", "MassTransit.Abstractions\MassTransit.Abstractions.csproj", "{19DAD9C1-7056-41D0-AB68-FC133746EFE8}"
EndProject
Global
	GlobalSection(SolutionConfigurationPlatforms) = preSolution
		Debug|Any CPU = Debug|Any CPU
		Release|Any CPU = Release|Any CPU
	EndGlobalSection
	GlobalSection(ProjectConfigurationPlatforms) = postSolution
		{63CBEC71-CCAC-4E4B-905A-4A8A1C0552C6}.Debug|Any CPU.ActiveCfg = Debug|Any CPU
		{63CBEC71-CCAC-4E4B-905A-4A8A1C0552C6}.Debug|Any CPU.Build.0 = Debug|Any CPU
		{63CBEC71-CCAC-4E4B-905A-4A8A1C0552C6}.Release|Any CPU.ActiveCfg = Release|Any CPU
		{63CBEC71-CCAC-4E4B-905A-4A8A1C0552C6}.Release|Any CPU.Build.0 = Release|Any CPU
		{A3C0FD6E-9B1C-4213-BF09-65E657EF76A4}.Debug|Any CPU.ActiveCfg = Debug|Any CPU
		{A3C0FD6E-9B1C-4213-BF09-65E657EF76A4}.Debug|Any CPU.Build.0 = Debug|Any CPU
		{A3C0FD6E-9B1C-4213-BF09-65E657EF76A4}.Release|Any CPU.ActiveCfg = Release|Any CPU
		{A3C0FD6E-9B1C-4213-BF09-65E657EF76A4}.Release|Any CPU.Build.0 = Release|Any CPU
		{EE235BA5-C840-44F4-BEC6-32F4562854BF}.Debug|Any CPU.ActiveCfg = Debug|Any CPU
		{EE235BA5-C840-44F4-BEC6-32F4562854BF}.Debug|Any CPU.Build.0 = Debug|Any CPU
		{EE235BA5-C840-44F4-BEC6-32F4562854BF}.Release|Any CPU.ActiveCfg = Release|Any CPU
		{EE235BA5-C840-44F4-BEC6-32F4562854BF}.Release|Any CPU.Build.0 = Release|Any CPU
		{19DAD9C1-7056-41D0-AB68-FC133746EFE8}.Debug|Any CPU.ActiveCfg = Debug|Any CPU
		{19DAD9C1-7056-41D0-AB68-FC133746EFE8}.Debug|Any CPU.Build.0 = Debug|Any CPU
		{19DAD9C1-7056-41D0-AB68-FC133746EFE8}.Release|Any CPU.ActiveCfg = Release|Any CPU
		{19DAD9C1-7056-41D0-AB68-FC133746EFE8}.Release|Any CPU.Build.0 = Release|Any CPU
	EndGlobalSection
	GlobalSection(SolutionProperties) = preSolution
		HideSolutionNode = FALSE
	EndGlobalSection
	GlobalSection(ExtensibilityGlobals) = postSolution
		SolutionGuid = {3F989770-6ABF-4EA4-9127-8E467063C9DC}
	EndGlobalSection
EndGlobal
